
Microsoft Visual Studio Solution File, Format Version 11.00
# Visual Studio 2010
Project("{FAE04EC0-301F-11D3-BF4B-00C04F79EFBC}") = "Assembly-CSharp", "Assembly-CSharp.csproj", "{4E1DA035-FD8E-1949-2BA5-47B0067AC854}"
EndProject
Project("{FAE04EC0-301F-11D3-BF4B-00C04F79EFBC}") = "Assembly-CSharp-Editor", "Assembly-CSharp-Editor.csproj", "{3EE3605C-139A-3055-A0C3-67C22D84DADB}"
EndProject
Global
	GlobalSection(SolutionConfigurationPlatforms) = preSolution
		Debug|Any CPU = Debug|Any CPU
		Release|Any CPU = Release|Any CPU
	EndGlobalSection
	GlobalSection(ProjectConfigurationPlatforms) = postSolution
		{4E1DA035-FD8E-1949-2BA5-47B0067AC854}.Debug|Any CPU.ActiveCfg = Debug|Any CPU
		{4E1DA035-FD8E-1949-2BA5-47B0067AC854}.Debug|Any CPU.Build.0 = Debug|Any CPU
		{4E1DA035-FD8E-1949-2BA5-47B0067AC854}.Release|Any CPU.ActiveCfg = Release|Any CPU
		{4E1DA035-FD8E-1949-2BA5-47B0067AC854}.Release|Any CPU.Build.0 = Release|Any CPU
		{3EE3605C-139A-3055-A0C3-67C22D84DADB}.Debug|Any CPU.ActiveCfg = Debug|Any CPU
		{3EE3605C-139A-3055-A0C3-67C22D84DADB}.Debug|Any CPU.Build.0 = Debug|Any CPU
		{3EE3605C-139A-3055-A0C3-67C22D84DADB}.Release|Any CPU.ActiveCfg = Release|Any CPU
		{3EE3605C-139A-3055-A0C3-67C22D84DADB}.Release|Any CPU.Build.0 = Release|Any CPU
	EndGlobalSection
	GlobalSection(SolutionProperties) = preSolution
		HideSolutionNode = FALSE
	EndGlobalSection
EndGlobal
